// !$*UTF8*$!
{
	archiveVersion = 1;
	classes = {
	};
	objectVersion = 50;
	objects = {

/* Begin PBXBuildFile section */
		442369A42239054B00AD683C /* LoginTestCaseViewController.m in Sources */ = {isa = PBXBuildFile; fileRef = 442369A32239054B00AD683C /* LoginTestCaseViewController.m */; };
		442369A72239154500AD683C /* CreateConfTestCaseViewController.m in Sources */ = {isa = PBXBuildFile; fileRef = 442369A62239154500AD683C /* CreateConfTestCaseViewController.m */; };
		442369AA2239E86F00AD683C /* JoinConfTestCaseViewController.m in Sources */ = {isa = PBXBuildFile; fileRef = 442369A92239E86F00AD683C /* JoinConfTestCaseViewController.m */; };
		442997B7221FE48900D03BC0 /* AppDelegate.m in Sources */ = {isa = PBXBuildFile; fileRef = 442997B6221FE48900D03BC0 /* AppDelegate.m */; };
		442997BA221FE48900D03BC0 /* ViewController.m in Sources */ = {isa = PBXBuildFile; fileRef = 442997B9221FE48900D03BC0 /* ViewController.m */; };
		442997BD221FE48900D03BC0 /* Main.storyboard in Resources */ = {isa = PBXBuildFile; fileRef = 442997BB221FE48900D03BC0 /* Main.storyboard */; };
		442997BF221FE48F00D03BC0 /* Assets.xcassets in Resources */ = {isa = PBXBuildFile; fileRef = 442997BE221FE48F00D03BC0 /* Assets.xcassets */; };
		442997C2221FE48F00D03BC0 /* LaunchScreen.storyboard in Resources */ = {isa = PBXBuildFile; fileRef = 442997C0221FE48F00D03BC0 /* LaunchScreen.storyboard */; };
		442997C5221FE48F00D03BC0 /* main.m in Sources */ = {isa = PBXBuildFile; fileRef = 442997C4221FE48F00D03BC0 /* main.m */; };
		44299A412220E5D300D03BC0 /* Cordova.framework in Frameworks */ = {isa = PBXBuildFile; fileRef = 44299A3E2220E5D300D03BC0 /* Cordova.framework */; };
		44299A442220E9DA00D03BC0 /* CoreGraphics.framework in Frameworks */ = {isa = PBXBuildFile; fileRef = 44299A432220E9DA00D03BC0 /* CoreGraphics.framework */; };
		44299A462220E9E700D03BC0 /* CFNetwork.framework in Frameworks */ = {isa = PBXBuildFile; fileRef = 44299A452220E9E700D03BC0 /* CFNetwork.framework */; };
		44299A482220E9ED00D03BC0 /* CoreTelephony.framework in Frameworks */ = {isa = PBXBuildFile; fileRef = 44299A472220E9EC00D03BC0 /* CoreTelephony.framework */; };
		44299A4A2220E9F300D03BC0 /* Security.framework in Frameworks */ = {isa = PBXBuildFile; fileRef = 44299A492220E9F300D03BC0 /* Security.framework */; };
		44299A4C2220E9F900D03BC0 /* SystemConfiguration.framework in Frameworks */ = {isa = PBXBuildFile; fileRef = 44299A4B2220E9F900D03BC0 /* SystemConfiguration.framework */; };
		44299A4E2220EA0000D03BC0 /* VideoToolbox.framework in Frameworks */ = {isa = PBXBuildFile; fileRef = 44299A4D2220EA0000D03BC0 /* VideoToolbox.framework */; };
		44299A502220EA0900D03BC0 /* MediaPlayer.framework in Frameworks */ = {isa = PBXBuildFile; fileRef = 44299A4F2220EA0900D03BC0 /* MediaPlayer.framework */; };
		44299A522220EA1000D03BC0 /* CoreMedia.framework in Frameworks */ = {isa = PBXBuildFile; fileRef = 44299A512220EA1000D03BC0 /* CoreMedia.framework */; };
		44299A542220EA1900D03BC0 /* AudioToolbox.framework in Frameworks */ = {isa = PBXBuildFile; fileRef = 44299A532220EA1900D03BC0 /* AudioToolbox.framework */; };
		44299A562220EA2200D03BC0 /* JavaScriptCore.framework in Frameworks */ = {isa = PBXBuildFile; fileRef = 44299A552220EA2100D03BC0 /* JavaScriptCore.framework */; };
		44299A582220EA2C00D03BC0 /* ImageIO.framework in Frameworks */ = {isa = PBXBuildFile; fileRef = 44299A572220EA2C00D03BC0 /* ImageIO.framework */; };
		44299A5A2220EA3300D03BC0 /* CoreLocation.framework in Frameworks */ = {isa = PBXBuildFile; fileRef = 44299A592220EA3300D03BC0 /* CoreLocation.framework */; };
		44299A5C2220EA3A00D03BC0 /* AVFoundation.framework in Frameworks */ = {isa = PBXBuildFile; fileRef = 44299A5B2220EA3A00D03BC0 /* AVFoundation.framework */; };
		44299A5E2220EA4000D03BC0 /* AddressBook.framework in Frameworks */ = {isa = PBXBuildFile; fileRef = 44299A5D2220EA4000D03BC0 /* AddressBook.framework */; };
		44299A602220EA4600D03BC0 /* AddressBookUI.framework in Frameworks */ = {isa = PBXBuildFile; fileRef = 44299A5F2220EA4600D03BC0 /* AddressBookUI.framework */; };
		44299A622220EA4C00D03BC0 /* WebKit.framework in Frameworks */ = {isa = PBXBuildFile; fileRef = 44299A612220EA4C00D03BC0 /* WebKit.framework */; };
		44299A642220EA5400D03BC0 /* MessageUI.framework in Frameworks */ = {isa = PBXBuildFile; fileRef = 44299A632220EA5400D03BC0 /* MessageUI.framework */; };
		44299A662220EA5C00D03BC0 /* CoreBluetooth.framework in Frameworks */ = {isa = PBXBuildFile; fileRef = 44299A652220EA5C00D03BC0 /* CoreBluetooth.framework */; };
		44299A682220EA7F00D03BC0 /* libc++.tbd in Frameworks */ = {isa = PBXBuildFile; fileRef = 44299A672220EA7F00D03BC0 /* libc++.tbd */; };
		44299A6A2220EA8A00D03BC0 /* libsqlite3.0.tbd in Frameworks */ = {isa = PBXBuildFile; fileRef = 44299A692220EA8A00D03BC0 /* libsqlite3.0.tbd */; };
		44299A6C2220EA9300D03BC0 /* libz.tbd in Frameworks */ = {isa = PBXBuildFile; fileRef = 44299A6B2220EA9200D03BC0 /* libz.tbd */; };
		44299A862220FE6F00D03BC0 /* CloudLink_Meeting.framework in Frameworks */ = {isa = PBXBuildFile; fileRef = 44299A822220FB8F00D03BC0 /* CloudLink_Meeting.framework */; };
		44299A872220FE7A00D03BC0 /* CloudLink_Meeting.framework in CopyFiles */ = {isa = PBXBuildFile; fileRef = 44299A822220FB8F00D03BC0 /* CloudLink_Meeting.framework */; settings = {ATTRIBUTES = (CodeSignOnCopy, RemoveHeadersOnCopy, ); }; };
		44299A8F222123D300D03BC0 /* config.xml in Resources */ = {isa = PBXBuildFile; fileRef = 44299A8E222123D300D03BC0 /* config.xml */; };
		44299AAE22213D3E00D03BC0 /* sqlite_plugin.framework in CopyFiles */ = {isa = PBXBuildFile; fileRef = 44299A912221293E00D03BC0 /* sqlite_plugin.framework */; settings = {ATTRIBUTES = (CodeSignOnCopy, RemoveHeadersOnCopy, ); }; };
		44299AB12223E67D00D03BC0 /* Cordova.framework in CopyFiles */ = {isa = PBXBuildFile; fileRef = 44299A3E2220E5D300D03BC0 /* Cordova.framework */; settings = {ATTRIBUTES = (CodeSignOnCopy, RemoveHeadersOnCopy, ); }; };
		44299B3F2225520B00D03BC0 /* websockets.framework in Frameworks */ = {isa = PBXBuildFile; fileRef = 44299B3E2225520B00D03BC0 /* websockets.framework */; };
		44299B41222557DD00D03BC0 /* websockets.framework in CopyFiles */ = {isa = PBXBuildFile; fileRef = 44299B3E2225520B00D03BC0 /* websockets.framework */; settings = {ATTRIBUTES = (CodeSignOnCopy, RemoveHeadersOnCopy, ); }; };
		448BE1D22241E63700904F70 /* libiconv.2.tbd in Frameworks */ = {isa = PBXBuildFile; fileRef = 448BE1D12241E63700904F70 /* libiconv.2.tbd */; };
		448BE1D42241E64500904F70 /* libz.1.tbd in Frameworks */ = {isa = PBXBuildFile; fileRef = 448BE1D32241E64500904F70 /* libz.1.tbd */; };
		448BE1D62241E65100904F70 /* libresolv.9.tbd in Frameworks */ = {isa = PBXBuildFile; fileRef = 448BE1D52241E65100904F70 /* libresolv.9.tbd */; };
		448BE1D82241E65E00904F70 /* libc++.1.tbd in Frameworks */ = {isa = PBXBuildFile; fileRef = 448BE1D72241E65E00904F70 /* libc++.1.tbd */; };
/* End PBXBuildFile section */

/* Begin PBXCopyFilesBuildPhase section */
		44299A772220EAE000D03BC0 /* CopyFiles */ = {
			isa = PBXCopyFilesBuildPhase;
			buildActionMask = 2147483647;
			dstPath = "";
			dstSubfolderSpec = 10;
			files = (
				44299B41222557DD00D03BC0 /* websockets.framework in CopyFiles */,
				44299AB12223E67D00D03BC0 /* Cordova.framework in CopyFiles */,
				44299AAE22213D3E00D03BC0 /* sqlite_plugin.framework in CopyFiles */,
				44299A872220FE7A00D03BC0 /* CloudLink_Meeting.framework in CopyFiles */,
			);
			runOnlyForDeploymentPostprocessing = 0;
		};
/* End PBXCopyFilesBuildPhase section */

/* Begin PBXFileReference section */
		442369A22239054B00AD683C /* LoginTestCaseViewController.h */ = {isa = PBXFileReference; lastKnownFileType = sourcecode.c.h; path = LoginTestCaseViewController.h; sourceTree = "<group>"; };
		442369A32239054B00AD683C /* LoginTestCaseViewController.m */ = {isa = PBXFileReference; lastKnownFileType = sourcecode.c.objc; path = LoginTestCaseViewController.m; sourceTree = "<group>"; };
		442369A52239154500AD683C /* CreateConfTestCaseViewController.h */ = {isa = PBXFileReference; lastKnownFileType = sourcecode.c.h; path = CreateConfTestCaseViewController.h; sourceTree = "<group>"; };
		442369A62239154500AD683C /* CreateConfTestCaseViewController.m */ = {isa = PBXFileReference; lastKnownFileType = sourcecode.c.objc; path = CreateConfTestCaseViewController.m; sourceTree = "<group>"; };
		442369A82239E86F00AD683C /* JoinConfTestCaseViewController.h */ = {isa = PBXFileReference; lastKnownFileType = sourcecode.c.h; path = JoinConfTestCaseViewController.h; sourceTree = "<group>"; };
		442369A92239E86F00AD683C /* JoinConfTestCaseViewController.m */ = {isa = PBXFileReference; lastKnownFileType = sourcecode.c.objc; path = JoinConfTestCaseViewController.m; sourceTree = "<group>"; };
		442997B2221FE48900D03BC0 /* CloudLinkMeetingDemo.app */ = {isa = PBXFileReference; explicitFileType = wrapper.application; includeInIndex = 0; path = CloudLinkMeetingDemo.app; sourceTree = BUILT_PRODUCTS_DIR; };
		442997B5221FE48900D03BC0 /* AppDelegate.h */ = {isa = PBXFileReference; lastKnownFileType = sourcecode.c.h; path = AppDelegate.h; sourceTree = "<group>"; };
		442997B6221FE48900D03BC0 /* AppDelegate.m */ = {isa = PBXFileReference; lastKnownFileType = sourcecode.c.objc; path = AppDelegate.m; sourceTree = "<group>"; };
		442997B8221FE48900D03BC0 /* ViewController.h */ = {isa = PBXFileReference; lastKnownFileType = sourcecode.c.h; path = ViewController.h; sourceTree = "<group>"; };
		442997B9221FE48900D03BC0 /* ViewController.m */ = {isa = PBXFileReference; lastKnownFileType = sourcecode.c.objc; path = ViewController.m; sourceTree = "<group>"; };
		442997BC221FE48900D03BC0 /* Base */ = {isa = PBXFileReference; lastKnownFileType = file.storyboard; name = Base; path = Base.lproj/Main.storyboard; sourceTree = "<group>"; };
		442997BE221FE48F00D03BC0 /* Assets.xcassets */ = {isa = PBXFileReference; lastKnownFileType = folder.assetcatalog; path = Assets.xcassets; sourceTree = "<group>"; };
		442997C1221FE48F00D03BC0 /* Base */ = {isa = PBXFileReference; lastKnownFileType = file.storyboard; name = Base; path = Base.lproj/LaunchScreen.storyboard; sourceTree = "<group>"; };
		442997C3221FE48F00D03BC0 /* Info.plist */ = {isa = PBXFileReference; lastKnownFileType = text.plist.xml; path = Info.plist; sourceTree = "<group>"; };
		442997C4221FE48F00D03BC0 /* main.m */ = {isa = PBXFileReference; lastKnownFileType = sourcecode.c.objc; path = main.m; sourceTree = "<group>"; };
		44299A3E2220E5D300D03BC0 /* Cordova.framework */ = {isa = PBXFileReference; lastKnownFileType = wrapper.framework; path = Cordova.framework; sourceTree = "<group>"; };
		44299A432220E9DA00D03BC0 /* CoreGraphics.framework */ = {isa = PBXFileReference; lastKnownFileType = wrapper.framework; name = CoreGraphics.framework; path = System/Library/Frameworks/CoreGraphics.framework; sourceTree = SDKROOT; };
		44299A452220E9E700D03BC0 /* CFNetwork.framework */ = {isa = PBXFileReference; lastKnownFileType = wrapper.framework; name = CFNetwork.framework; path = System/Library/Frameworks/CFNetwork.framework; sourceTree = SDKROOT; };
		44299A472220E9EC00D03BC0 /* CoreTelephony.framework */ = {isa = PBXFileReference; lastKnownFileType = wrapper.framework; name = CoreTelephony.framework; path = System/Library/Frameworks/CoreTelephony.framework; sourceTree = SDKROOT; };
		44299A492220E9F300D03BC0 /* Security.framework */ = {isa = PBXFileReference; lastKnownFileType = wrapper.framework; name = Security.framework; path = System/Library/Frameworks/Security.framework; sourceTree = SDKROOT; };
		44299A4B2220E9F900D03BC0 /* SystemConfiguration.framework */ = {isa = PBXFileReference; lastKnownFileType = wrapper.framework; name = SystemConfiguration.framework; path = System/Library/Frameworks/SystemConfiguration.framework; sourceTree = SDKROOT; };
		44299A4D2220EA0000D03BC0 /* VideoToolbox.framework */ = {isa = PBXFileReference; lastKnownFileType = wrapper.framework; name = VideoToolbox.framework; path = System/Library/Frameworks/VideoToolbox.framework; sourceTree = SDKROOT; };
		44299A4F2220EA0900D03BC0 /* MediaPlayer.framework */ = {isa = PBXFileReference; lastKnownFileType = wrapper.framework; name = MediaPlayer.framework; path = System/Library/Frameworks/MediaPlayer.framework; sourceTree = SDKROOT; };
		44299A512220EA1000D03BC0 /* CoreMedia.framework */ = {isa = PBXFileReference; lastKnownFileType = wrapper.framework; name = CoreMedia.framework; path = System/Library/Frameworks/CoreMedia.framework; sourceTree = SDKROOT; };
		44299A532220EA1900D03BC0 /* AudioToolbox.framework */ = {isa = PBXFileReference; lastKnownFileType = wrapper.framework; name = AudioToolbox.framework; path = System/Library/Frameworks/AudioToolbox.framework; sourceTree = SDKROOT; };
		44299A552220EA2100D03BC0 /* JavaScriptCore.framework */ = {isa = PBXFileReference; lastKnownFileType = wrapper.framework; name = JavaScriptCore.framework; path = System/Library/Frameworks/JavaScriptCore.framework; sourceTree = SDKROOT; };
		44299A572220EA2C00D03BC0 /* ImageIO.framework */ = {isa = PBXFileReference; lastKnownFileType = wrapper.framework; name = ImageIO.framework; path = System/Library/Frameworks/ImageIO.framework; sourceTree = SDKROOT; };
		44299A592220EA3300D03BC0 /* CoreLocation.framework */ = {isa = PBXFileReference; lastKnownFileType = wrapper.framework; name = CoreLocation.framework; path = System/Library/Frameworks/CoreLocation.framework; sourceTree = SDKROOT; };
		44299A5B2220EA3A00D03BC0 /* AVFoundation.framework */ = {isa = PBXFileReference; lastKnownFileType = wrapper.framework; name = AVFoundation.framework; path = System/Library/Frameworks/AVFoundation.framework; sourceTree = SDKROOT; };
		44299A5D2220EA4000D03BC0 /* AddressBook.framework */ = {isa = PBXFileReference; lastKnownFileType = wrapper.framework; name = AddressBook.framework; path = System/Library/Frameworks/AddressBook.framework; sourceTree = SDKROOT; };
		44299A5F2220EA4600D03BC0 /* AddressBookUI.framework */ = {isa = PBXFileReference; lastKnownFileType = wrapper.framework; name = AddressBookUI.framework; path = System/Library/Frameworks/AddressBookUI.framework; sourceTree = SDKROOT; };
		44299A612220EA4C00D03BC0 /* WebKit.framework */ = {isa = PBXFileReference; lastKnownFileType = wrapper.framework; name = WebKit.framework; path = System/Library/Frameworks/WebKit.framework; sourceTree = SDKROOT; };
		44299A632220EA5400D03BC0 /* MessageUI.framework */ = {isa = PBXFileReference; lastKnownFileType = wrapper.framework; name = MessageUI.framework; path = System/Library/Frameworks/MessageUI.framework; sourceTree = SDKROOT; };
		44299A652220EA5C00D03BC0 /* CoreBluetooth.framework */ = {isa = PBXFileReference; lastKnownFileType = wrapper.framework; name = CoreBluetooth.framework; path = System/Library/Frameworks/CoreBluetooth.framework; sourceTree = SDKROOT; };
		44299A672220EA7F00D03BC0 /* libc++.tbd */ = {isa = PBXFileReference; lastKnownFileType = "sourcecode.text-based-dylib-definition"; name = "libc++.tbd"; path = "usr/lib/libc++.tbd"; sourceTree = SDKROOT; };
		44299A692220EA8A00D03BC0 /* libsqlite3.0.tbd */ = {isa = PBXFileReference; lastKnownFileType = "sourcecode.text-based-dylib-definition"; name = libsqlite3.0.tbd; path = usr/lib/libsqlite3.0.tbd; sourceTree = SDKROOT; };
		44299A6B2220EA9200D03BC0 /* libz.tbd */ = {isa = PBXFileReference; lastKnownFileType = "sourcecode.text-based-dylib-definition"; name = libz.tbd; path = usr/lib/libz.tbd; sourceTree = SDKROOT; };
		44299A6D2220EAA200D03BC0 /* libz.dylib */ = {isa = PBXFileReference; lastKnownFileType = "compiled.mach-o.dylib"; name = libz.dylib; path = ../../../../usr/lib/libz.dylib; sourceTree = "<group>"; };
		44299A6F2220EAB200D03BC0 /* libc++.1.dylib */ = {isa = PBXFileReference; lastKnownFileType = "compiled.mach-o.dylib"; name = "libc++.1.dylib"; path = "../../../../usr/lib/libc++.1.dylib"; sourceTree = "<group>"; };
		44299A712220EAB900D03BC0 /* libresolv.9.dylib */ = {isa = PBXFileReference; lastKnownFileType = "compiled.mach-o.dylib"; name = libresolv.9.dylib; path = ../../../../usr/lib/libresolv.9.dylib; sourceTree = "<group>"; };
		44299A732220EAC100D03BC0 /* libz.1.dylib */ = {isa = PBXFileReference; lastKnownFileType = "compiled.mach-o.dylib"; name = libz.1.dylib; path = ../../../../usr/lib/libz.1.dylib; sourceTree = "<group>"; };
		44299A752220EACA00D03BC0 /* libiconv.2.dylib */ = {isa = PBXFileReference; lastKnownFileType = "compiled.mach-o.dylib"; name = libiconv.2.dylib; path = ../../../../usr/lib/libiconv.2.dylib; sourceTree = "<group>"; };
		44299A822220FB8F00D03BC0 /* CloudLink_Meeting.framework */ = {isa = PBXFileReference; lastKnownFileType = wrapper.framework; name = CloudLink_Meeting.framework; path = CloudLinkMeetingDemo/CloudLink_Meeting.framework; sourceTree = "<group>"; };
		44299A882220FE8200D03BC0 /* CloudLink_Meeting.framework */ = {isa = PBXFileReference; lastKnownFileType = wrapper.framework; path = CloudLink_Meeting.framework; sourceTree = "<group>"; };
		44299A8E222123D300D03BC0 /* config.xml */ = {isa = PBXFileReference; fileEncoding = 4; lastKnownFileType = text.xml; path = config.xml; sourceTree = "<group>"; };
		44299A912221293E00D03BC0 /* sqlite_plugin.framework */ = {isa = PBXFileReference; lastKnownFileType = wrapper.framework; name = sqlite_plugin.framework; path = CloudLinkMeetingDemo/sqlite_plugin.framework; sourceTree = "<group>"; };
		44299B3E2225520B00D03BC0 /* websockets.framework */ = {isa = PBXFileReference; lastKnownFileType = wrapper.framework; name = websockets.framework; path = CloudLinkMeetingDemo/websockets.framework; sourceTree = "<group>"; };
		448BE1D12241E63700904F70 /* libiconv.2.tbd */ = {isa = PBXFileReference; lastKnownFileType = "sourcecode.text-based-dylib-definition"; name = libiconv.2.tbd; path = usr/lib/libiconv.2.tbd; sourceTree = SDKROOT; };
		448BE1D32241E64500904F70 /* libz.1.tbd */ = {isa = PBXFileReference; lastKnownFileType = "sourcecode.text-based-dylib-definition"; name = libz.1.tbd; path = usr/lib/libz.1.tbd; sourceTree = SDKROOT; };
		448BE1D52241E65100904F70 /* libresolv.9.tbd */ = {isa = PBXFileReference; lastKnownFileType = "sourcecode.text-based-dylib-definition"; name = libresolv.9.tbd; path = usr/lib/libresolv.9.tbd; sourceTree = SDKROOT; };
		448BE1D72241E65E00904F70 /* libc++.1.tbd */ = {isa = PBXFileReference; lastKnownFileType = "sourcecode.text-based-dylib-definition"; name = "libc++.1.tbd"; path = "usr/lib/libc++.1.tbd"; sourceTree = SDKROOT; };
/* End PBXFileReference section */

/* Begin PBXFrameworksBuildPhase section */
		442997AF221FE48900D03BC0 /* Frameworks */ = {
			isa = PBXFrameworksBuildPhase;
			buildActionMask = 2147483647;
			files = (
				44299B3F2225520B00D03BC0 /* websockets.framework in Frameworks */,
				44299A412220E5D300D03BC0 /* Cordova.framework in Frameworks */,
				44299A862220FE6F00D03BC0 /* CloudLink_Meeting.framework in Frameworks */,
				448BE1D82241E65E00904F70 /* libc++.1.tbd in Frameworks */,
				448BE1D62241E65100904F70 /* libresolv.9.tbd in Frameworks */,
				448BE1D42241E64500904F70 /* libz.1.tbd in Frameworks */,
				448BE1D22241E63700904F70 /* libiconv.2.tbd in Frameworks */,
				44299A6C2220EA9300D03BC0 /* libz.tbd in Frameworks */,
				44299A6A2220EA8A00D03BC0 /* libsqlite3.0.tbd in Frameworks */,
				44299A682220EA7F00D03BC0 /* libc++.tbd in Frameworks */,
				44299A662220EA5C00D03BC0 /* CoreBluetooth.framework in Frameworks */,
				44299A642220EA5400D03BC0 /* MessageUI.framework in Frameworks */,
				44299A622220EA4C00D03BC0 /* WebKit.framework in Frameworks */,
				44299A602220EA4600D03BC0 /* AddressBookUI.framework in Frameworks */,
				44299A5E2220EA4000D03BC0 /* AddressBook.framework in Frameworks */,
				44299A5C2220EA3A00D03BC0 /* AVFoundation.framework in Frameworks */,
				44299A5A2220EA3300D03BC0 /* CoreLocation.framework in Frameworks */,
				44299A582220EA2C00D03BC0 /* ImageIO.framework in Frameworks */,
				44299A562220EA2200D03BC0 /* JavaScriptCore.framework in Frameworks */,
				44299A542220EA1900D03BC0 /* AudioToolbox.framework in Frameworks */,
				44299A522220EA1000D03BC0 /* CoreMedia.framework in Frameworks */,
				44299A502220EA0900D03BC0 /* MediaPlayer.framework in Frameworks */,
				44299A4E2220EA0000D03BC0 /* VideoToolbox.framework in Frameworks */,
				44299A4C2220E9F900D03BC0 /* SystemConfiguration.framework in Frameworks */,
				44299A4A2220E9F300D03BC0 /* Security.framework in Frameworks */,
				44299A482220E9ED00D03BC0 /* CoreTelephony.framework in Frameworks */,
				44299A462220E9E700D03BC0 /* CFNetwork.framework in Frameworks */,
				44299A442220E9DA00D03BC0 /* CoreGraphics.framework in Frameworks */,
			);
			runOnlyForDeploymentPostprocessing = 0;
		};
/* End PBXFrameworksBuildPhase section */

/* Begin PBXGroup section */
		442997A9221FE48900D03BC0 = {
			isa = PBXGroup;
			children = (
				442997B4221FE48900D03BC0 /* CloudLinkMeetingDemo */,
				442997B3221FE48900D03BC0 /* Products */,
				442997D72220DCDF00D03BC0 /* Frameworks */,
			);
			sourceTree = "<group>";
		};
		442997B3221FE48900D03BC0 /* Products */ = {
			isa = PBXGroup;
			children = (
				442997B2221FE48900D03BC0 /* CloudLinkMeetingDemo.app */,
			);
			name = Products;
			sourceTree = "<group>";
		};
		442997B4221FE48900D03BC0 /* CloudLinkMeetingDemo */ = {
			isa = PBXGroup;
			children = (
				44299A8E222123D300D03BC0 /* config.xml */,
				44299A882220FE8200D03BC0 /* CloudLink_Meeting.framework */,
				44299A3E2220E5D300D03BC0 /* Cordova.framework */,
				442997B5221FE48900D03BC0 /* AppDelegate.h */,
				442997B6221FE48900D03BC0 /* AppDelegate.m */,
				442997B8221FE48900D03BC0 /* ViewController.h */,
				442997B9221FE48900D03BC0 /* ViewController.m */,
				442369A22239054B00AD683C /* LoginTestCaseViewController.h */,
				442369A32239054B00AD683C /* LoginTestCaseViewController.m */,
				442997BB221FE48900D03BC0 /* Main.storyboard */,
				442997BE221FE48F00D03BC0 /* Assets.xcassets */,
				442997C0221FE48F00D03BC0 /* LaunchScreen.storyboard */,
				442997C3221FE48F00D03BC0 /* Info.plist */,
				442997C4221FE48F00D03BC0 /* main.m */,
				442369A52239154500AD683C /* CreateConfTestCaseViewController.h */,
				442369A62239154500AD683C /* CreateConfTestCaseViewController.m */,
				442369A82239E86F00AD683C /* JoinConfTestCaseViewController.h */,
				442369A92239E86F00AD683C /* JoinConfTestCaseViewController.m */,
			);
			path = CloudLinkMeetingDemo;
			sourceTree = "<group>";
		};
		442997D72220DCDF00D03BC0 /* Frameworks */ = {
			isa = PBXGroup;
			children = (
				448BE1D72241E65E00904F70 /* libc++.1.tbd */,
				448BE1D52241E65100904F70 /* libresolv.9.tbd */,
				448BE1D32241E64500904F70 /* libz.1.tbd */,
				448BE1D12241E63700904F70 /* libiconv.2.tbd */,
				44299B3E2225520B00D03BC0 /* websockets.framework */,
				44299A912221293E00D03BC0 /* sqlite_plugin.framework */,
				44299A822220FB8F00D03BC0 /* CloudLink_Meeting.framework */,
				44299A752220EACA00D03BC0 /* libiconv.2.dylib */,
				44299A732220EAC100D03BC0 /* libz.1.dylib */,
				44299A712220EAB900D03BC0 /* libresolv.9.dylib */,
				44299A6F2220EAB200D03BC0 /* libc++.1.dylib */,
				44299A6D2220EAA200D03BC0 /* libz.dylib */,
				44299A6B2220EA9200D03BC0 /* libz.tbd */,
				44299A692220EA8A00D03BC0 /* libsqlite3.0.tbd */,
				44299A672220EA7F00D03BC0 /* libc++.tbd */,
				44299A652220EA5C00D03BC0 /* CoreBluetooth.framework */,
				44299A632220EA5400D03BC0 /* MessageUI.framework */,
				44299A612220EA4C00D03BC0 /* WebKit.framework */,
				44299A5F2220EA4600D03BC0 /* AddressBookUI.framework */,
				44299A5D2220EA4000D03BC0 /* AddressBook.framework */,
				44299A5B2220EA3A00D03BC0 /* AVFoundation.framework */,
				44299A592220EA3300D03BC0 /* CoreLocation.framework */,
				44299A572220EA2C00D03BC0 /* ImageIO.framework */,
				44299A552220EA2100D03BC0 /* JavaScriptCore.framework */,
				44299A532220EA1900D03BC0 /* AudioToolbox.framework */,
				44299A512220EA1000D03BC0 /* CoreMedia.framework */,
				44299A4F2220EA0900D03BC0 /* MediaPlayer.framework */,
				44299A4D2220EA0000D03BC0 /* VideoToolbox.framework */,
				44299A4B2220E9F900D03BC0 /* SystemConfiguration.framework */,
				44299A492220E9F300D03BC0 /* Security.framework */,
				44299A472220E9EC00D03BC0 /* CoreTelephony.framework */,
				44299A452220E9E700D03BC0 /* CFNetwork.framework */,
				44299A432220E9DA00D03BC0 /* CoreGraphics.framework */,
			);
			name = Frameworks;
			sourceTree = "<group>";
		};
/* End PBXGroup section */

/* Begin PBXNativeTarget section */
		442997B1221FE48900D03BC0 /* CloudLinkMeetingDemo */ = {
			isa = PBXNativeTarget;
			buildConfigurationList = 442997C8221FE48F00D03BC0 /* Build configuration list for PBXNativeTarget "CloudLinkMeetingDemo" */;
			buildPhases = (
				442997AE221FE48900D03BC0 /* Sources */,
				442997AF221FE48900D03BC0 /* Frameworks */,
				442997B0221FE48900D03BC0 /* Resources */,
				44299A772220EAE000D03BC0 /* CopyFiles */,
			);
			buildRules = (
			);
			dependencies = (
			);
			name = CloudLinkMeetingDemo;
			productName = CloudLinkMeetingDemo;
			productReference = 442997B2221FE48900D03BC0 /* CloudLinkMeetingDemo.app */;
			productType = "com.apple.product-type.application";
		};
/* End PBXNativeTarget section */

/* Begin PBXProject section */
		442997AA221FE48900D03BC0 /* Project object */ = {
			isa = PBXProject;
			attributes = {
				LastUpgradeCheck = 0940;
				ORGANIZATIONNAME = huawei;
				TargetAttributes = {
					442997B1221FE48900D03BC0 = {
						CreatedOnToolsVersion = 9.4.1;
						SystemCapabilities = {
							com.apple.BackgroundModes = {
								enabled = 1;
							};
						};
					};
				};
			};
			buildConfigurationList = 442997AD221FE48900D03BC0 /* Build configuration list for PBXProject "CloudLinkMeetingDemo" */;
			compatibilityVersion = "Xcode 9.3";
			developmentRegion = en;
			hasScannedForEncodings = 0;
			knownRegions = (
				en,
				Base,
			);
			mainGroup = 442997A9221FE48900D03BC0;
			productRefGroup = 442997B3221FE48900D03BC0 /* Products */;
			projectDirPath = "";
			projectRoot = "";
			targets = (
				442997B1221FE48900D03BC0 /* CloudLinkMeetingDemo */,
			);
		};
/* End PBXProject section */

/* Begin PBXResourcesBuildPhase section */
		442997B0221FE48900D03BC0 /* Resources */ = {
			isa = PBXResourcesBuildPhase;
			buildActionMask = 2147483647;
			files = (
				442997C2221FE48F00D03BC0 /* LaunchScreen.storyboard in Resources */,
				442997BF221FE48F00D03BC0 /* Assets.xcassets in Resources */,
				442997BD221FE48900D03BC0 /* Main.storyboard in Resources */,
				44299A8F222123D300D03BC0 /* config.xml in Resources */,
			);
			runOnlyForDeploymentPostprocessing = 0;
		};
/* End PBXResourcesBuildPhase section */

/* Begin PBXSourcesBuildPhase section */
		442997AE221FE48900D03BC0 /* Sources */ = {
			isa = PBXSourcesBuildPhase;
			buildActionMask = 2147483647;
			files = (
				442369AA2239E86F00AD683C /* JoinConfTestCaseViewController.m in Sources */,
				442369A42239054B00AD683C /* LoginTestCaseViewController.m in Sources */,
				442997BA221FE48900D03BC0 /* ViewController.m in Sources */,
				442369A72239154500AD683C /* CreateConfTestCaseViewController.m in Sources */,
				442997C5221FE48F00D03BC0 /* main.m in Sources */,
				442997B7221FE48900D03BC0 /* AppDelegate.m in Sources */,
			);
			runOnlyForDeploymentPostprocessing = 0;
		};
/* End PBXSourcesBuildPhase section */

/* Begin PBXVariantGroup section */
		442997BB221FE48900D03BC0 /* Main.storyboard */ = {
			isa = PBXVariantGroup;
			children = (
				442997BC221FE48900D03BC0 /* Base */,
			);
			name = Main.storyboard;
			sourceTree = "<group>";
		};
		442997C0221FE48F00D03BC0 /* LaunchScreen.storyboard */ = {
			isa = PBXVariantGroup;
			children = (
				442997C1221FE48F00D03BC0 /* Base */,
			);
			name = LaunchScreen.storyboard;
			sourceTree = "<group>";
		};
/* End PBXVariantGroup section */

/* Begin XCBuildConfiguration section */
		442997C6221FE48F00D03BC0 /* Debug */ = {
			isa = XCBuildConfiguration;
			buildSettings = {
				ALWAYS_SEARCH_USER_PATHS = NO;
				CLANG_ANALYZER_NONNULL = YES;
				CLANG_ANALYZER_NUMBER_OBJECT_CONVERSION = YES_AGGRESSIVE;
				CLANG_CXX_LANGUAGE_STANDARD = "gnu++14";
				CLANG_CXX_LIBRARY = "libc++";
				CLANG_ENABLE_MODULES = YES;
				CLANG_ENABLE_OBJC_ARC = YES;
				CLANG_ENABLE_OBJC_WEAK = YES;
				CLANG_WARN_BLOCK_CAPTURE_AUTORELEASING = YES;
				CLANG_WARN_BOOL_CONVERSION = YES;
				CLANG_WARN_COMMA = YES;
				CLANG_WARN_CONSTANT_CONVERSION = YES;
				CLANG_WARN_DEPRECATED_OBJC_IMPLEMENTATIONS = YES;
				CLANG_WARN_DIRECT_OBJC_ISA_USAGE = YES_ERROR;
				CLANG_WARN_DOCUMENTATION_COMMENTS = YES;
				CLANG_WARN_EMPTY_BODY = YES;
				CLANG_WARN_ENUM_CONVERSION = YES;
				CLANG_WARN_INFINITE_RECURSION = YES;
				CLANG_WARN_INT_CONVERSION = YES;
				CLANG_WARN_NON_LITERAL_NULL_CONVERSION = YES;
				CLANG_WARN_OBJC_IMPLICIT_RETAIN_SELF = YES;
				CLANG_WARN_OBJC_LITERAL_CONVERSION = YES;
				CLANG_WARN_OBJC_ROOT_CLASS = YES_ERROR;
				CLANG_WARN_RANGE_LOOP_ANALYSIS = YES;
				CLANG_WARN_STRICT_PROTOTYPES = YES;
				CLANG_WARN_SUSPICIOUS_MOVE = YES;
				CLANG_WARN_UNGUARDED_AVAILABILITY = YES_AGGRESSIVE;
				CLANG_WARN_UNREACHABLE_CODE = YES;
				CLANG_WARN__DUPLICATE_METHOD_MATCH = YES;
				CODE_SIGN_IDENTITY = "iPhone Developer";
				COPY_PHASE_STRIP = NO;
				DEBUG_INFORMATION_FORMAT = dwarf;
				ENABLE_STRICT_OBJC_MSGSEND = YES;
				ENABLE_TESTABILITY = YES;
				GCC_C_LANGUAGE_STANDARD = gnu11;
				GCC_DYNAMIC_NO_PIC = NO;
				GCC_NO_COMMON_BLOCKS = YES;
				GCC_OPTIMIZATION_LEVEL = 0;
				GCC_PREPROCESSOR_DEFINITIONS = (
					"DEBUG=1",
					"$(inherited)",
				);
				GCC_WARN_64_TO_32_BIT_CONVERSION = YES;
				GCC_WARN_ABOUT_RETURN_TYPE = YES_ERROR;
				GCC_WARN_UNDECLARED_SELECTOR = YES;
				GCC_WARN_UNINITIALIZED_AUTOS = YES_AGGRESSIVE;
				GCC_WARN_UNUSED_FUNCTION = YES;
				GCC_WARN_UNUSED_VARIABLE = YES;
				IPHONEOS_DEPLOYMENT_TARGET = 11.4;
				MTL_ENABLE_DEBUG_INFO = YES;
				ONLY_ACTIVE_ARCH = YES;
				SDKROOT = iphoneos;
			};
			name = Debug;
		};
		442997C7221FE48F00D03BC0 /* Release */ = {
			isa = XCBuildConfiguration;
			buildSettings = {
				ALWAYS_SEARCH_USER_PATHS = NO;
				CLANG_ANALYZER_NONNULL = YES;
				CLANG_ANALYZER_NUMBER_OBJECT_CONVERSION = YES_AGGRESSIVE;
				CLANG_CXX_LANGUAGE_STANDARD = "gnu++14";
				CLANG_CXX_LIBRARY = "libc++";
				CLANG_ENABLE_MODULES = YES;
				CLANG_ENABLE_OBJC_ARC = YES;
				CLANG_ENABLE_OBJC_WEAK = YES;
				CLANG_WARN_BLOCK_CAPTURE_AUTORELEASING = YES;
				CLANG_WARN_BOOL_CONVERSION = YES;
				CLANG_WARN_COMMA = YES;
				CLANG_WARN_CONSTANT_CONVERSION = YES;
				CLANG_WARN_DEPRECATED_OBJC_IMPLEMENTATIONS = YES;
				CLANG_WARN_DIRECT_OBJC_ISA_USAGE = YES_ERROR;
				CLANG_WARN_DOCUMENTATION_COMMENTS = YES;
				CLANG_WARN_EMPTY_BODY = YES;
				CLANG_WARN_ENUM_CONVERSION = YES;
				CLANG_WARN_INFINITE_RECURSION = YES;
				CLANG_WARN_INT_CONVERSION = YES;
				CLANG_WARN_NON_LITERAL_NULL_CONVERSION = YES;
				CLANG_WARN_OBJC_IMPLICIT_RETAIN_SELF = YES;
				CLANG_WARN_OBJC_LITERAL_CONVERSION = YES;
				CLANG_WARN_OBJC_ROOT_CLASS = YES_ERROR;
				CLANG_WARN_RANGE_LOOP_ANALYSIS = YES;
				CLANG_WARN_STRICT_PROTOTYPES = YES;
				CLANG_WARN_SUSPICIOUS_MOVE = YES;
				CLANG_WARN_UNGUARDED_AVAILABILITY = YES_AGGRESSIVE;
				CLANG_WARN_UNREACHABLE_CODE = YES;
				CLANG_WARN__DUPLICATE_METHOD_MATCH = YES;
				CODE_SIGN_IDENTITY = "iPhone Developer";
				COPY_PHASE_STRIP = NO;
				DEBUG_INFORMATION_FORMAT = "dwarf-with-dsym";
				ENABLE_NS_ASSERTIONS = NO;
				ENABLE_STRICT_OBJC_MSGSEND = YES;
				GCC_C_LANGUAGE_STANDARD = gnu11;
				GCC_NO_COMMON_BLOCKS = YES;
				GCC_WARN_64_TO_32_BIT_CONVERSION = YES;
				GCC_WARN_ABOUT_RETURN_TYPE = YES_ERROR;
				GCC_WARN_UNDECLARED_SELECTOR = YES;
				GCC_WARN_UNINITIALIZED_AUTOS = YES_AGGRESSIVE;
				GCC_WARN_UNUSED_FUNCTION = YES;
				GCC_WARN_UNUSED_VARIABLE = YES;
				IPHONEOS_DEPLOYMENT_TARGET = 11.4;
				MTL_ENABLE_DEBUG_INFO = NO;
				SDKROOT = iphoneos;
				VALIDATE_PRODUCT = YES;
			};
			name = Release;
		};
		442997C9221FE48F00D03BC0 /* Debug */ = {
			isa = XCBuildConfiguration;
			buildSettings = {
				ASSETCATALOG_COMPILER_APPICON_NAME = AppIcon;
				CLANG_CXX_LANGUAGE_STANDARD = "compiler-default";
				CLANG_CXX_LIBRARY = "compiler-default";
				CODE_SIGN_IDENTITY = "iPhone Developer";
				CODE_SIGN_STYLE = Manual;
				DEVELOPMENT_TEAM = M36T76S88C;
				ENABLE_BITCODE = NO;
				FRAMEWORK_SEARCH_PATHS = (
					"$(inherited)",
					"$(PROJECT_DIR)/CloudLinkMeetingDemo",
				);
				GCC_C_LANGUAGE_STANDARD = c99;
				INFOPLIST_FILE = CloudLinkMeetingDemo/Info.plist;
				IPHONEOS_DEPLOYMENT_TARGET = 8.0;
				LD_RUNPATH_SEARCH_PATHS = (
					"$(inherited)",
					"@executable_path/Frameworks",
				);
				ONLY_ACTIVE_ARCH = NO;
				OTHER_LDFLAGS = "-ObjC";
				PRODUCT_BUNDLE_IDENTIFIER = com.huawei.welink;
				PRODUCT_NAME = "$(TARGET_NAME)";
				PROVISIONING_PROFILE = "a8e2e670-7e88-4381-a018-07cc99eee2b9";
				PROVISIONING_PROFILE_SPECIFIER = voip_2018_05_23;
				TARGETED_DEVICE_FAMILY = "1,2";
				VALID_ARCHS = "armv7 arm64";
			};
			name = Debug;
		};
		442997CA221FE48F00D03BC0 /* Release */ = {
			isa = XCBuildConfiguration;
			buildSettings = {
				ASSETCATALOG_COMPILER_APPICON_NAME = AppIcon;
				CLANG_CXX_LANGUAGE_STANDARD = "compiler-default";
				CLANG_CXX_LIBRARY = "compiler-default";
				CODE_SIGN_IDENTITY = "iPhone Developer";
				CODE_SIGN_STYLE = Manual;
				DEVELOPMENT_TEAM = M36T76S88C;
				ENABLE_BITCODE = NO;
				FRAMEWORK_SEARCH_PATHS = (
					"$(inherited)",
					"$(PROJECT_DIR)/CloudLinkMeetingDemo",
				);
				GCC_C_LANGUAGE_STANDARD = c99;
				INFOPLIST_FILE = CloudLinkMeetingDemo/Info.plist;
				IPHONEOS_DEPLOYMENT_TARGET = 8.0;
				LD_RUNPATH_SEARCH_PATHS = (
					"$(inherited)",
					"@executable_path/Frameworks",
				);
				ONLY_ACTIVE_ARCH = NO;
				OTHER_LDFLAGS = "-ObjC";
				PRODUCT_BUNDLE_IDENTIFIER = com.huawei.welink;
				PRODUCT_NAME = "$(TARGET_NAME)";
				PROVISIONING_PROFILE_SPECIFIER = voip_2018_05_23;
				TARGETED_DEVICE_FAMILY = "1,2";
				VALID_ARCHS = "armv7 arm64";
			};
			name = Release;
		};
/* End XCBuildConfiguration section */

/* Begin XCConfigurationList section */
		442997AD221FE48900D03BC0 /* Build configuration list for PBXProject "CloudLinkMeetingDemo" */ = {
			isa = XCConfigurationList;
			buildConfigurations = (
				442997C6221FE48F00D03BC0 /* Debug */,
				442997C7221FE48F00D03BC0 /* Release */,
			);
			defaultConfigurationIsVisible = 0;
			defaultConfigurationName = Release;
		};
		442997C8221FE48F00D03BC0 /* Build configuration list for PBXNativeTarget "CloudLinkMeetingDemo" */ = {
			isa = XCConfigurationList;
			buildConfigurations = (
				442997C9221FE48F00D03BC0 /* Debug */,
				442997CA221FE48F00D03BC0 /* Release */,
			);
			defaultConfigurationIsVisible = 0;
			defaultConfigurationName = Release;
		};
/* End XCConfigurationList section */
	};
	rootObject = 442997AA221FE48900D03BC0 /* Project object */;
}
